version = 1
revision = 3
requires-python = ">=3.10"

[[package]]
name = "pygame"
version = "2.6.1"
source = { registry = "https://pypi.org/simple" }
sdist = { url = "https://files.pythonhosted.org/packages/49/cc/08bba60f00541f62aaa252ce0cfbd60aebd04616c0b9574f755b583e45ae/pygame-2.6.1.tar.gz", hash = "sha256:56fb02ead529cee00d415c3e007f75e0780c655909aaa8e8bf616ee09c9feb1f", size = 14808125, upload-time = "2024-09-29T13:41:34.698Z" }
wheels = [
    { url = "https://files.pythonhosted.org/packages/54/0b/334c7c50a2979e15f2a027a41d1ca78ee730d5b1c7f7f4b26d7cb899839d/pygame-2.6.1-cp310-cp310-macosx_10_9_x86_64.whl", hash = "sha256:9beeb647e555afb5657111fa83acb74b99ad88761108eaea66472e8b8547b55b", size = 13109297, upload-time = "2024-09-29T14:25:34.709Z" },
    { url = "https://files.pythonhosted.org/packages/dc/48/f8b1069788d1bd42e63a960d74d3355242480b750173a42b2749687578ca/pygame-2.6.1-cp310-cp310-macosx_11_0_arm64.whl", hash = "sha256:10e3d2a55f001f6c0a6eb44aa79ea7607091c9352b946692acedb2ac1482f1c9", size = 12375837, upload-time = "2024-09-29T14:25:50.538Z" },
    { url = "https://files.pythonhosted.org/packages/bc/33/a1310386b8913ce1bdb90c33fa536970e299ad57eb35785f1d71ea1e2ad3/pygame-2.6.1-cp310-cp310-manylinux_2_17_aarch64.manylinux2014_aarch64.whl", hash = "sha256:816e85000c5d8b02a42b9834f761a5925ef3377d2924e3a7c4c143d2990ce5b8", size = 13607860, upload-time = "2024-09-29T11:10:44.173Z" },
    { url = "https://files.pythonhosted.org/packages/88/0f/4e37b115056e43714e7550054dd3cd7f4d552da54d7fc58a2fb1407acda5/pygame-2.6.1-cp310-cp310-manylinux_2_17_i686.manylinux2014_i686.whl", hash = "sha256:8a78fd030d98faab4a8e27878536fdff7518d3e062a72761c552f624ebba5a5f", size = 14304696, upload-time = "2024-09-29T11:39:46.724Z" },
    { url = "https://files.pythonhosted.org/packages/11/b3/de6ed93ae483cf3bac8f950a955e83f7ffe59651fd804d100fff65d66d6c/pygame-2.6.1-cp310-cp310-manylinux_2_17_x86_64.manylinux2014_x86_64.whl", hash = "sha256:da3ad64d685f84a34ebe5daacb39fff14f1251acb34c098d760d63fee768f50c", size = 13977684, upload-time = "2024-09-29T11:39:49.921Z" },
    { url = "https://files.pythonhosted.org/packages/d3/05/d86440aa879708c41844bafc6b3eb42c6d8cf54082482499b53139133e2a/pygame-2.6.1-cp310-cp310-win32.whl", hash = "sha256:9dd5c054d4bd875a8caf978b82672f02bec332f52a833a76899220c460bb4b58", size = 10251775, upload-time = "2024-09-29T11:40:34.952Z" },
    { url = "https://files.pythonhosted.org/packages/38/88/8de61324775cf2c844a51d8db14a8a6d2a9092312f27678f6eaa3a460376/pygame-2.6.1-cp310-cp310-win_amd64.whl", hash = "sha256:00827aba089355925902d533f9c41e79a799641f03746c50a374dc5c3362e43d", size = 10618801, upload-time = "2024-09-29T12:13:25.284Z" },
    { url = "https://files.pythonhosted.org/packages/c4/ca/8f367cb9fe734c4f6f6400e045593beea2635cd736158f9fabf58ee14e3c/pygame-2.6.1-cp311-cp311-macosx_10_9_x86_64.whl", hash = "sha256:20349195326a5e82a16e351ed93465a7845a7e2a9af55b7bc1b2110ea3e344e1", size = 13113753, upload-time = "2024-09-29T14:26:13.751Z" },
    { url = "https://files.pythonhosted.org/packages/83/47/6edf2f890139616b3219be9cfcc8f0cb8f42eb15efd59597927e390538cb/pygame-2.6.1-cp311-cp311-macosx_11_0_arm64.whl", hash = "sha256:f3935459109da4bb0b3901da9904f0a3e52028a3332a355d298b1673a334cf21", size = 12378146, upload-time = "2024-09-29T14:26:22.456Z" },
    { url = "https://files.pythonhosted.org/packages/00/9e/0d8aa8cf93db2d2ee38ebaf1c7b61d0df36ded27eb726221719c150c673d/pygame-2.6.1-cp311-cp311-manylinux_2_17_aarch64.manylinux2014_aarch64.whl", hash = "sha256:c31dbdb5d0217f32764797d21c2752e258e5fb7e895326538d82b5f75a0cd856", size = 13611760, upload-time = "2024-09-29T11:10:47.317Z" },
    { url = "https://files.pythonhosted.org/packages/d7/9e/d06adaa5cc65876bcd7a24f59f67e07f7e4194e6298130024ed3fb22c456/pygame-2.6.1-cp311-cp311-manylinux_2_17_i686.manylinux2014_i686.whl", hash = "sha256:173badf82fa198e6888017bea40f511cb28e69ecdd5a72b214e81e4dcd66c3b1", size = 14298054, upload-time = "2024-09-29T11:39:53.891Z" },
    { url = "https://files.pythonhosted.org/packages/7a/a1/9ae2852ebd3a7cc7d9ae7ff7919ab983e4a5c1b7a14e840732f23b2b48f6/pygame-2.6.1-cp311-cp311-manylinux_2_17_x86_64.manylinux2014_x86_64.whl", hash = "sha256:ce8cc108b92de9b149b344ad2e25eedbe773af0dc41dfb24d1f07f679b558c60", size = 13977107, upload-time = "2024-09-29T11:39:56.831Z" },
    { url = "https://files.pythonhosted.org/packages/31/df/6788fd2e9a864d0496a77670e44a7c012184b7a5382866ab0e60c55c0f28/pygame-2.6.1-cp311-cp311-win32.whl", hash = "sha256:811e7b925146d8149d79193652cbb83e0eca0aae66476b1cb310f0f4226b8b5c", size = 10250863, upload-time = "2024-09-29T11:44:48.199Z" },
    { url = "https://files.pythonhosted.org/packages/d2/55/ca3eb851aeef4f6f2e98a360c201f0d00bd1ba2eb98e2c7850d80aabc526/pygame-2.6.1-cp311-cp311-win_amd64.whl", hash = "sha256:91476902426facd4bb0dad4dc3b2573bc82c95c71b135e0daaea072ed528d299", size = 10622016, upload-time = "2024-09-29T12:17:01.545Z" },
    { url = "https://files.pythonhosted.org/packages/92/16/2c602c332f45ff9526d61f6bd764db5096ff9035433e2172e2d2cadae8db/pygame-2.6.1-cp312-cp312-macosx_10_9_x86_64.whl", hash = "sha256:4ee7f2771f588c966fa2fa8b829be26698c9b4836f82ede5e4edc1a68594942e", size = 13118279, upload-time = "2024-09-29T14:26:30.427Z" },
    { url = "https://files.pythonhosted.org/packages/cd/53/77ccbc384b251c6e34bfd2e734c638233922449a7844e3c7a11ef91cee39/pygame-2.6.1-cp312-cp312-macosx_11_0_arm64.whl", hash = "sha256:c8040ea2ab18c6b255af706ec01355c8a6b08dc48d77fd4ee783f8fc46a843bf", size = 12384524, upload-time = "2024-09-29T14:26:49.996Z" },
    { url = "https://files.pythonhosted.org/packages/06/be/3ed337583f010696c3b3435e89a74fb29d0c74d0931e8f33c0a4246307a9/pygame-2.6.1-cp312-cp312-manylinux_2_17_aarch64.manylinux2014_aarch64.whl", hash = "sha256:c47a6938de93fa610accd4969e638c2aebcb29b2fca518a84c3a39d91ab47116", size = 13587123, upload-time = "2024-09-29T11:10:50.072Z" },
    { url = "https://files.pythonhosted.org/packages/fd/ca/b015586a450db59313535662991b34d24c1f0c0dc149cc5f496573900f4e/pygame-2.6.1-cp312-cp312-manylinux_2_17_i686.manylinux2014_i686.whl", hash = "sha256:33006f784e1c7d7e466fcb61d5489da59cc5f7eb098712f792a225df1d4e229d", size = 14275532, upload-time = "2024-09-29T11:39:59.356Z" },
    { url = "https://files.pythonhosted.org/packages/b9/f2/d31e6ad42d657af07be2ffd779190353f759a07b51232b9e1d724f2cda46/pygame-2.6.1-cp312-cp312-manylinux_2_17_x86_64.manylinux2014_x86_64.whl", hash = "sha256:1206125f14cae22c44565c9d333607f1d9f59487b1f1432945dfc809aeaa3e88", size = 13952653, upload-time = "2024-09-29T11:40:01.781Z" },
    { url = "https://files.pythonhosted.org/packages/f3/42/8ea2a6979e6fa971702fece1747e862e2256d4a8558fe0da6364dd946c53/pygame-2.6.1-cp312-cp312-win32.whl", hash = "sha256:84fc4054e25262140d09d39e094f6880d730199710829902f0d8ceae0213379e", size = 10252421, upload-time = "2024-09-29T11:14:26.877Z" },
    { url = "https://files.pythonhosted.org/packages/5f/90/7d766d54bb95939725e9a9361f9c06b0cfbe3fe100aa35400f0a461a278a/pygame-2.6.1-cp312-cp312-win_amd64.whl", hash = "sha256:3a9e7396be0d9633831c3f8d5d82dd63ba373ad65599628294b7a4f8a5a01a65", size = 10624591, upload-time = "2024-09-29T11:52:54.489Z" },
    { url = "https://files.pythonhosted.org/packages/e1/91/718acf3e2a9d08a6ddcc96bd02a6f63c99ee7ba14afeaff2a51c987df0b9/pygame-2.6.1-cp313-cp313-macosx_10_13_x86_64.whl", hash = "sha256:ae6039f3a55d800db80e8010f387557b528d34d534435e0871326804df2a62f2", size = 13090765, upload-time = "2024-09-29T14:27:02.377Z" },
    { url = "https://files.pythonhosted.org/packages/0e/c6/9cb315de851a7682d9c7568a41ea042ee98d668cb8deadc1dafcab6116f0/pygame-2.6.1-cp313-cp313-macosx_11_0_arm64.whl", hash = "sha256:2a3a1288e2e9b1e5834e425bedd5ba01a3cd4902b5c2bff8ed4a740ccfe98171", size = 12381704, upload-time = "2024-09-29T14:27:10.228Z" },
    { url = "https://files.pythonhosted.org/packages/9f/8f/617a1196e31ae3b46be6949fbaa95b8c93ce15e0544266198c2266cc1b4d/pygame-2.6.1-cp313-cp313-manylinux_2_17_aarch64.manylinux2014_aarch64.whl", hash = "sha256:27eb17e3dc9640e4b4683074f1890e2e879827447770470c2aba9f125f74510b", size = 13581091, upload-time = "2024-09-29T11:30:27.653Z" },
    { url = "https://files.pythonhosted.org/packages/3b/87/2851a564e40a2dad353f1c6e143465d445dab18a95281f9ea458b94f3608/pygame-2.6.1-cp313-cp313-manylinux_2_17_i686.manylinux2014_i686.whl", hash = "sha256:4c1623180e70a03c4a734deb9bac50fc9c82942ae84a3a220779062128e75f3b", size = 14273844, upload-time = "2024-09-29T11:40:04.138Z" },
    { url = "https://files.pythonhosted.org/packages/85/b5/aa23aa2e70bcba42c989c02e7228273c30f3b44b9b264abb93eaeff43ad7/pygame-2.6.1-cp313-cp313-manylinux_2_17_x86_64.manylinux2014_x86_64.whl", hash = "sha256:ef07c0103d79492c21fced9ad68c11c32efa6801ca1920ebfd0f15fb46c78b1c", size = 13951197, upload-time = "2024-09-29T11:40:06.785Z" },
    { url = "https://files.pythonhosted.org/packages/a6/06/29e939b34d3f1354738c7d201c51c250ad7abefefaf6f8332d962ff67c4b/pygame-2.6.1-cp313-cp313-win32.whl", hash = "sha256:3acd8c009317190c2bfd81db681ecef47d5eb108c2151d09596d9c7ea9df5c0e", size = 10249309, upload-time = "2024-09-29T11:10:23.329Z" },
    { url = "https://files.pythonhosted.org/packages/7e/11/17f7f319ca91824b86557e9303e3b7a71991ef17fd45286bf47d7f0a38e6/pygame-2.6.1-cp313-cp313-win_amd64.whl", hash = "sha256:813af4fba5d0b2cb8e58f5d95f7910295c34067dcc290d34f1be59c48bd1ea6a", size = 10620084, upload-time = "2024-09-29T11:48:51.587Z" },
]

[[package]]
name = "pygbag"
version = "0.9.2"
source = { registry = "https://pypi.org/simple" }
sdist = { url = "https://files.pythonhosted.org/packages/5a/27/d6d9cf9c0831481b94606652c0861667d9254aecc59c0f1db0f948a126fe/pygbag-0.9.2.tar.gz", hash = "sha256:0e31860742a8ba9c527135cbb6d64f6d7d8d7b23b71ee87a15f1de9474690c25", size = 152074, upload-time = "2024-08-18T22:45:38.498Z" }
wheels = [
    { url = "https://files.pythonhosted.org/packages/3a/19/6c4b2a515651849138cef43d878eba9a4f8e39113499a99e7c3d97890c5e/pygbag-0.9.2-py3-none-any.whl", hash = "sha256:3a60a80cc28ed21e3d5d98c08a5d8f857911e38e411b6e590ba640158e8656c1", size = 171937, upload-time = "2024-08-18T22:45:36.536Z" },
]

[[package]]
name = "ultimate-tac-toe"
version = "0.1.0"
source = { virtual = "." }
dependencies = [
    { name = "pygame" },
    { name = "pygbag" },
    { name = "websockets" },
]

[package.metadata]
requires-dist = [
    { name = "pygame", specifier = ">=2.6.1" },
    { name = "pygbag", specifier = ">=0.9.2" },
    { name = "websockets", specifier = ">=14.1" },
]

[[package]]
name = "websockets"
version = "15.0.1"
source = { registry = "https://pypi.org/simple" }
sdist = { url = "https://files.pythonhosted.org/packages/21/e6/26d09fab466b7ca9c7737474c52be4f76a40301b08362eb2dbc19dcc16c1/websockets-15.0.1.tar.gz", hash = "sha256:82544de02076bafba038ce055ee6412d68da13ab47f0c60cab827346de828dee", size = 177016, upload-time = "2025-03-05T20:03:41.606Z" }
wheels = [
    { url = "https://files.pythonhosted.org/packages/1e/da/6462a9f510c0c49837bbc9345aca92d767a56c1fb2939e1579df1e1cdcf7/websockets-15.0.1-cp310-cp310-macosx_10_9_universal2.whl", hash = "sha256:d63efaa0cd96cf0c5fe4d581521d9fa87744540d4bc999ae6e08595a1014b45b", size = 175423, upload-time = "2025-03-05T20:01:35.363Z" },
    { url = "https://files.pythonhosted.org/packages/1c/9f/9d11c1a4eb046a9e106483b9ff69bce7ac880443f00e5ce64261b47b07e7/websockets-15.0.1-cp310-cp310-macosx_10_9_x86_64.whl", hash = "sha256:ac60e3b188ec7574cb761b08d50fcedf9d77f1530352db4eef1707fe9dee7205", size = 173080, upload-time = "2025-03-05T20:01:37.304Z" },
    { url = "https://files.pythonhosted.org/packages/d5/4f/b462242432d93ea45f297b6179c7333dd0402b855a912a04e7fc61c0d71f/websockets-15.0.1-cp310-cp310-macosx_11_0_arm64.whl", hash = "sha256:5756779642579d902eed757b21b0164cd6fe338506a8083eb58af5c372e39d9a", size = 173329, upload-time = "2025-03-05T20:01:39.668Z" },
    { url = "https://files.pythonhosted.org/packages/6e/0c/6afa1f4644d7ed50284ac59cc70ef8abd44ccf7d45850d989ea7310538d0/websockets-15.0.1-cp310-cp310-manylinux_2_17_aarch64.manylinux2014_aarch64.whl", hash = "sha256:0fdfe3e2a29e4db3659dbd5bbf04560cea53dd9610273917799f1cde46aa725e", size = 182312, upload-time = "2025-03-05T20:01:41.815Z" },
    { url = "https://files.pythonhosted.org/packages/dd/d4/ffc8bd1350b229ca7a4db2a3e1c482cf87cea1baccd0ef3e72bc720caeec/websockets-15.0.1-cp310-cp310-manylinux_2_5_i686.manylinux1_i686.manylinux_2_17_i686.manylinux2014_i686.whl", hash = "sha256:4c2529b320eb9e35af0fa3016c187dffb84a3ecc572bcee7c3ce302bfeba52bf", size = 181319, upload-time = "2025-03-05T20:01:43.967Z" },
    { url = "https://files.pythonhosted.org/packages/97/3a/5323a6bb94917af13bbb34009fac01e55c51dfde354f63692bf2533ffbc2/websockets-15.0.1-cp310-cp310-manylinux_2_5_x86_64.manylinux1_x86_64.manylinux_2_17_x86_64.manylinux2014_x86_64.whl", hash = "sha256:ac1e5c9054fe23226fb11e05a6e630837f074174c4c2f0fe442996112a6de4fb", size = 181631, upload-time = "2025-03-05T20:01:46.104Z" },
    { url = "https://files.pythonhosted.org/packages/a6/cc/1aeb0f7cee59ef065724041bb7ed667b6ab1eeffe5141696cccec2687b66/websockets-15.0.1-cp310-cp310-musllinux_1_2_aarch64.whl", hash = "sha256:5df592cd503496351d6dc14f7cdad49f268d8e618f80dce0cd5a36b93c3fc08d", size = 182016, upload-time = "2025-03-05T20:01:47.603Z" },
    { url = "https://files.pythonhosted.org/packages/79/f9/c86f8f7af208e4161a7f7e02774e9d0a81c632ae76db2ff22549e1718a51/websockets-15.0.1-cp310-cp310-musllinux_1_2_i686.whl", hash = "sha256:0a34631031a8f05657e8e90903e656959234f3a04552259458aac0b0f9ae6fd9", size = 181426, upload-time = "2025-03-05T20:01:48.949Z" },
    { url = "https://files.pythonhosted.org/packages/c7/b9/828b0bc6753db905b91df6ae477c0b14a141090df64fb17f8a9d7e3516cf/websockets-15.0.1-cp310-cp310-musllinux_1_2_x86_64.whl", hash = "sha256:3d00075aa65772e7ce9e990cab3ff1de702aa09be3940d1dc88d5abf1ab8a09c", size = 181360, upload-time = "2025-03-05T20:01:50.938Z" },
    { url = "https://files.pythonhosted.org/packages/89/fb/250f5533ec468ba6327055b7d98b9df056fb1ce623b8b6aaafb30b55d02e/websockets-15.0.1-cp310-cp310-win32.whl", hash = "sha256:1234d4ef35db82f5446dca8e35a7da7964d02c127b095e172e54397fb6a6c256", size = 176388, upload-time = "2025-03-05T20:01:52.213Z" },
    { url = "https://files.pythonhosted.org/packages/1c/46/aca7082012768bb98e5608f01658ff3ac8437e563eca41cf068bd5849a5e/websockets-15.0.1-cp310-cp310-win_amd64.whl", hash = "sha256:39c1fec2c11dc8d89bba6b2bf1556af381611a173ac2b511cf7231622058af41", size = 176830, upload-time = "2025-03-05T20:01:53.922Z" },
    { url = "https://files.pythonhosted.org/packages/9f/32/18fcd5919c293a398db67443acd33fde142f283853076049824fc58e6f75/websockets-15.0.1-cp311-cp311-macosx_10_9_universal2.whl", hash = "sha256:823c248b690b2fd9303ba00c4f66cd5e2d8c3ba4aa968b2779be9532a4dad431", size = 175423, upload-time = "2025-03-05T20:01:56.276Z" },
    { url = "https://files.pythonhosted.org/packages/76/70/ba1ad96b07869275ef42e2ce21f07a5b0148936688c2baf7e4a1f60d5058/websockets-15.0.1-cp311-cp311-macosx_10_9_x86_64.whl", hash = "sha256:678999709e68425ae2593acf2e3ebcbcf2e69885a5ee78f9eb80e6e371f1bf57", size = 173082, upload-time = "2025-03-05T20:01:57.563Z" },
    { url = "https://files.pythonhosted.org/packages/86/f2/10b55821dd40eb696ce4704a87d57774696f9451108cff0d2824c97e0f97/websockets-15.0.1-cp311-cp311-macosx_11_0_arm64.whl", hash = "sha256:d50fd1ee42388dcfb2b3676132c78116490976f1300da28eb629272d5d93e905", size = 173330, upload-time = "2025-03-05T20:01:59.063Z" },
    { url = "https://files.pythonhosted.org/packages/a5/90/1c37ae8b8a113d3daf1065222b6af61cc44102da95388ac0018fcb7d93d9/websockets-15.0.1-cp311-cp311-manylinux_2_17_aarch64.manylinux2014_aarch64.whl", hash = "sha256:d99e5546bf73dbad5bf3547174cd6cb8ba7273062a23808ffea025ecb1cf8562", size = 182878, upload-time = "2025-03-05T20:02:00.305Z" },
    { url = "https://files.pythonhosted.org/packages/8e/8d/96e8e288b2a41dffafb78e8904ea7367ee4f891dafc2ab8d87e2124cb3d3/websockets-15.0.1-cp311-cp311-manylinux_2_5_i686.manylinux1_i686.manylinux_2_17_i686.manylinux2014_i686.whl", hash = "sha256:66dd88c918e3287efc22409d426c8f729688d89a0c587c88971a0faa2c2f3792", size = 181883, upload-time = "2025-03-05T20:02:03.148Z" },
    { url = "https://files.pythonhosted.org/packages/93/1f/5d6dbf551766308f6f50f8baf8e9860be6182911e8106da7a7f73785f4c4/websockets-15.0.1-cp311-cp311-manylinux_2_5_x86_64.manylinux1_x86_64.manylinux_2_17_x86_64.manylinux2014_x86_64.whl", hash = "sha256:8dd8327c795b3e3f219760fa603dcae1dcc148172290a8ab15158cf85a953413", size = 182252, upload-time = "2025-03-05T20:02:05.29Z" },
    { url = "https://files.pythonhosted.org/packages/d4/78/2d4fed9123e6620cbf1706c0de8a1632e1a28e7774d94346d7de1bba2ca3/websockets-15.0.1-cp311-cp311-musllinux_1_2_aarch64.whl", hash = "sha256:8fdc51055e6ff4adeb88d58a11042ec9a5eae317a0a53d12c062c8a8865909e8", size = 182521, upload-time = "2025-03-05T20:02:07.458Z" },
    { url = "https://files.pythonhosted.org/packages/e7/3b/66d4c1b444dd1a9823c4a81f50231b921bab54eee2f69e70319b4e21f1ca/websockets-15.0.1-cp311-cp311-musllinux_1_2_i686.whl", hash = "sha256:693f0192126df6c2327cce3baa7c06f2a117575e32ab2308f7f8216c29d9e2e3", size = 181958, upload-time = "2025-03-05T20:02:09.842Z" },
    { url = "https://files.pythonhosted.org/packages/08/ff/e9eed2ee5fed6f76fdd6032ca5cd38c57ca9661430bb3d5fb2872dc8703c/websockets-15.0.1-cp311-cp311-musllinux_1_2_x86_64.whl", hash = "sha256:54479983bd5fb469c38f2f5c7e3a24f9a4e70594cd68cd1fa6b9340dadaff7cf", size = 181918, upload-time = "2025-03-05T20:02:11.968Z" },
    { url = "https://files.pythonhosted.org/packages/d8/75/994634a49b7e12532be6a42103597b71098fd25900f7437d6055ed39930a/websockets-15.0.1-cp311-cp311-win32.whl", hash = "sha256:16b6c1b3e57799b9d38427dda63edcbe4926352c47cf88588c0be4ace18dac85", size = 176388, upload-time = "2025-03-05T20:02:13.32Z" },
    { url = "https://files.pythonhosted.org/packages/98/93/e36c73f78400a65f5e236cd376713c34182e6663f6889cd45a4a04d8f203/websockets-15.0.1-cp311-cp311-win_amd64.whl", hash = "sha256:27ccee0071a0e75d22cb35849b1db43f2ecd3e161041ac1ee9d2352ddf72f065", size = 176828, upload-time = "2025-03-05T20:02:14.585Z" },
    { url = "https://files.pythonhosted.org/packages/51/6b/4545a0d843594f5d0771e86463606a3988b5a09ca5123136f8a76580dd63/websockets-15.0.1-cp312-cp312-macosx_10_13_universal2.whl", hash = "sha256:3e90baa811a5d73f3ca0bcbf32064d663ed81318ab225ee4f427ad4e26e5aff3", size = 175437, upload-time = "2025-03-05T20:02:16.706Z" },
    { url = "https://files.pythonhosted.org/packages/f4/71/809a0f5f6a06522af902e0f2ea2757f71ead94610010cf570ab5c98e99ed/websockets-15.0.1-cp312-cp312-macosx_10_13_x86_64.whl", hash = "sha256:592f1a9fe869c778694f0aa806ba0374e97648ab57936f092fd9d87f8bc03665", size = 173096, upload-time = "2025-03-05T20:02:18.832Z" },
    { url = "https://files.pythonhosted.org/packages/3d/69/1a681dd6f02180916f116894181eab8b2e25b31e484c5d0eae637ec01f7c/websockets-15.0.1-cp312-cp312-macosx_11_0_arm64.whl", hash = "sha256:0701bc3cfcb9164d04a14b149fd74be7347a530ad3bbf15ab2c678a2cd3dd9a2", size = 173332, upload-time = "2025-03-05T20:02:20.187Z" },
    { url = "https://files.pythonhosted.org/packages/a6/02/0073b3952f5bce97eafbb35757f8d0d54812b6174ed8dd952aa08429bcc3/websockets-15.0.1-cp312-cp312-manylinux_2_17_aarch64.manylinux2014_aarch64.whl", hash = "sha256:e8b56bdcdb4505c8078cb6c7157d9811a85790f2f2b3632c7d1462ab5783d215", size = 183152, upload-time = "2025-03-05T20:02:22.286Z" },
    { url = "https://files.pythonhosted.org/packages/74/45/c205c8480eafd114b428284840da0b1be9ffd0e4f87338dc95dc6ff961a1/websockets-15.0.1-cp312-cp312-manylinux_2_5_i686.manylinux1_i686.manylinux_2_17_i686.manylinux2014_i686.whl", hash = "sha256:0af68c55afbd5f07986df82831c7bff04846928ea8d1fd7f30052638788bc9b5", size = 182096, upload-time = "2025-03-05T20:02:24.368Z" },
    { url = "https://files.pythonhosted.org/packages/14/8f/aa61f528fba38578ec553c145857a181384c72b98156f858ca5c8e82d9d3/websockets-15.0.1-cp312-cp312-manylinux_2_5_x86_64.manylinux1_x86_64.manylinux_2_17_x86_64.manylinux2014_x86_64.whl", hash = "sha256:64dee438fed052b52e4f98f76c5790513235efaa1ef7f3f2192c392cd7c91b65", size = 182523, upload-time = "2025-03-05T20:02:25.669Z" },
    { url = "https://files.pythonhosted.org/packages/ec/6d/0267396610add5bc0d0d3e77f546d4cd287200804fe02323797de77dbce9/websockets-15.0.1-cp312-cp312-musllinux_1_2_aarch64.whl", hash = "sha256:d5f6b181bb38171a8ad1d6aa58a67a6aa9d4b38d0f8c5f496b9e42561dfc62fe", size = 182790, upload-time = "2025-03-05T20:02:26.99Z" },
    { url = "https://files.pythonhosted.org/packages/02/05/c68c5adbf679cf610ae2f74a9b871ae84564462955d991178f95a1ddb7dd/websockets-15.0.1-cp312-cp312-musllinux_1_2_i686.whl", hash = "sha256:5d54b09eba2bada6011aea5375542a157637b91029687eb4fdb2dab11059c1b4", size = 182165, upload-time = "2025-03-05T20:02:30.291Z" },
    { url = "https://files.pythonhosted.org/packages/29/93/bb672df7b2f5faac89761cb5fa34f5cec45a4026c383a4b5761c6cea5c16/websockets-15.0.1-cp312-cp312-musllinux_1_2_x86_64.whl", hash = "sha256:3be571a8b5afed347da347bfcf27ba12b069d9d7f42cb8c7028b5e98bbb12597", size = 182160, upload-time = "2025-03-05T20:02:31.634Z" },
    { url = "https://files.pythonhosted.org/packages/ff/83/de1f7709376dc3ca9b7eeb4b9a07b4526b14876b6d372a4dc62312bebee0/websockets-15.0.1-cp312-cp312-win32.whl", hash = "sha256:c338ffa0520bdb12fbc527265235639fb76e7bc7faafbb93f6ba80d9c06578a9", size = 176395, upload-time = "2025-03-05T20:02:33.017Z" },
    { url = "https://files.pythonhosted.org/packages/7d/71/abf2ebc3bbfa40f391ce1428c7168fb20582d0ff57019b69ea20fa698043/websockets-15.0.1-cp312-cp312-win_amd64.whl", hash = "sha256:fcd5cf9e305d7b8338754470cf69cf81f420459dbae8a3b40cee57417f4614a7", size = 176841, upload-time = "2025-03-05T20:02:34.498Z" },
    { url = "https://files.pythonhosted.org/packages/cb/9f/51f0cf64471a9d2b4d0fc6c534f323b664e7095640c34562f5182e5a7195/websockets-15.0.1-cp313-cp313-macosx_10_13_universal2.whl", hash = "sha256:ee443ef070bb3b6ed74514f5efaa37a252af57c90eb33b956d35c8e9c10a1931", size = 175440, upload-time = "2025-03-05T20:02:36.695Z" },
    { url = "https://files.pythonhosted.org/packages/8a/05/aa116ec9943c718905997412c5989f7ed671bc0188ee2ba89520e8765d7b/websockets-15.0.1-cp313-cp313-macosx_10_13_x86_64.whl", hash = "sha256:5a939de6b7b4e18ca683218320fc67ea886038265fd1ed30173f5ce3f8e85675", size = 173098, upload-time = "2025-03-05T20:02:37.985Z" },
    { url = "https://files.pythonhosted.org/packages/ff/0b/33cef55ff24f2d92924923c99926dcce78e7bd922d649467f0eda8368923/websockets-15.0.1-cp313-cp313-macosx_11_0_arm64.whl", hash = "sha256:746ee8dba912cd6fc889a8147168991d50ed70447bf18bcda7039f7d2e3d9151", size = 173329, upload-time = "2025-03-05T20:02:39.298Z" },
    { url = "https://files.pythonhosted.org/packages/31/1d/063b25dcc01faa8fada1469bdf769de3768b7044eac9d41f734fd7b6ad6d/websockets-15.0.1-cp313-cp313-manylinux_2_17_aarch64.manylinux2014_aarch64.whl", hash = "sha256:595b6c3969023ecf9041b2936ac3827e4623bfa3ccf007575f04c5a6aa318c22", size = 183111, upload-time = "2025-03-05T20:02:40.595Z" },
    { url = "https://files.pythonhosted.org/packages/93/53/9a87ee494a51bf63e4ec9241c1ccc4f7c2f45fff85d5bde2ff74fcb68b9e/websockets-15.0.1-cp313-cp313-manylinux_2_5_i686.manylinux1_i686.manylinux_2_17_i686.manylinux2014_i686.whl", hash = "sha256:3c714d2fc58b5ca3e285461a4cc0c9a66bd0e24c5da9911e30158286c9b5be7f", size = 182054, upload-time = "2025-03-05T20:02:41.926Z" },
    { url = "https://files.pythonhosted.org/packages/ff/b2/83a6ddf56cdcbad4e3d841fcc55d6ba7d19aeb89c50f24dd7e859ec0805f/websockets-15.0.1-cp313-cp313-manylinux_2_5_x86_64.manylinux1_x86_64.manylinux_2_17_x86_64.manylinux2014_x86_64.whl", hash = "sha256:0f3c1e2ab208db911594ae5b4f79addeb3501604a165019dd221c0bdcabe4db8", size = 182496, upload-time = "2025-03-05T20:02:43.304Z" },
    { url = "https://files.pythonhosted.org/packages/98/41/e7038944ed0abf34c45aa4635ba28136f06052e08fc2168520bb8b25149f/websockets-15.0.1-cp313-cp313-musllinux_1_2_aarch64.whl", hash = "sha256:229cf1d3ca6c1804400b0a9790dc66528e08a6a1feec0d5040e8b9eb14422375", size = 182829, upload-time = "2025-03-05T20:02:48.812Z" },
    { url = "https://files.pythonhosted.org/packages/e0/17/de15b6158680c7623c6ef0db361da965ab25d813ae54fcfeae2e5b9ef910/websockets-15.0.1-cp313-cp313-musllinux_1_2_i686.whl", hash = "sha256:756c56e867a90fb00177d530dca4b097dd753cde348448a1012ed6c5131f8b7d", size = 182217, upload-time = "2025-03-05T20:02:50.14Z" },
    { url = "https://files.pythonhosted.org/packages/33/2b/1f168cb6041853eef0362fb9554c3824367c5560cbdaad89ac40f8c2edfc/websockets-15.0.1-cp313-cp313-musllinux_1_2_x86_64.whl", hash = "sha256:558d023b3df0bffe50a04e710bc87742de35060580a293c2a984299ed83bc4e4", size = 182195, upload-time = "2025-03-05T20:02:51.561Z" },
    { url = "https://files.pythonhosted.org/packages/86/eb/20b6cdf273913d0ad05a6a14aed4b9a85591c18a987a3d47f20fa13dcc47/websockets-15.0.1-cp313-cp313-win32.whl", hash = "sha256:ba9e56e8ceeeedb2e080147ba85ffcd5cd0711b89576b83784d8605a7df455fa", size = 176393, upload-time = "2025-03-05T20:02:53.814Z" },
    { url = "https://files.pythonhosted.org/packages/1b/6c/c65773d6cab416a64d191d6ee8a8b1c68a09970ea6909d16965d26bfed1e/websockets-15.0.1-cp313-cp313-win_amd64.whl", hash = "sha256:e09473f095a819042ecb2ab9465aee615bd9c2028e4ef7d933600a8401c79561", size = 176837, upload-time = "2025-03-05T20:02:55.237Z" },
    { url = "https://files.pythonhosted.org/packages/02/9e/d40f779fa16f74d3468357197af8d6ad07e7c5a27ea1ca74ceb38986f77a/websockets-15.0.1-pp310-pypy310_pp73-macosx_10_15_x86_64.whl", hash = "sha256:0c9e74d766f2818bb95f84c25be4dea09841ac0f734d1966f415e4edfc4ef1c3", size = 173109, upload-time = "2025-03-05T20:03:17.769Z" },
    { url = "https://files.pythonhosted.org/packages/bc/cd/5b887b8585a593073fd92f7c23ecd3985cd2c3175025a91b0d69b0551372/websockets-15.0.1-pp310-pypy310_pp73-macosx_11_0_arm64.whl", hash = "sha256:1009ee0c7739c08a0cd59de430d6de452a55e42d6b522de7aa15e6f67db0b8e1", size = 173343, upload-time = "2025-03-05T20:03:19.094Z" },
    { url = "https://files.pythonhosted.org/packages/fe/ae/d34f7556890341e900a95acf4886833646306269f899d58ad62f588bf410/websockets-15.0.1-pp310-pypy310_pp73-manylinux_2_17_aarch64.manylinux2014_aarch64.whl", hash = "sha256:76d1f20b1c7a2fa82367e04982e708723ba0e7b8d43aa643d3dcd404d74f1475", size = 174599, upload-time = "2025-03-05T20:03:21.1Z" },
    { url = "https://files.pythonhosted.org/packages/71/e6/5fd43993a87db364ec60fc1d608273a1a465c0caba69176dd160e197ce42/websockets-15.0.1-pp310-pypy310_pp73-manylinux_2_5_i686.manylinux1_i686.manylinux_2_17_i686.manylinux2014_i686.whl", hash = "sha256:f29d80eb9a9263b8d109135351caf568cc3f80b9928bccde535c235de55c22d9", size = 174207, upload-time = "2025-03-05T20:03:23.221Z" },
    { url = "https://files.pythonhosted.org/packages/2b/fb/c492d6daa5ec067c2988ac80c61359ace5c4c674c532985ac5a123436cec/websockets-15.0.1-pp310-pypy310_pp73-manylinux_2_5_x86_64.manylinux1_x86_64.manylinux_2_17_x86_64.manylinux2014_x86_64.whl", hash = "sha256:b359ed09954d7c18bbc1680f380c7301f92c60bf924171629c5db97febb12f04", size = 174155, upload-time = "2025-03-05T20:03:25.321Z" },
    { url = "https://files.pythonhosted.org/packages/68/a1/dcb68430b1d00b698ae7a7e0194433bce4f07ded185f0ee5fb21e2a2e91e/websockets-15.0.1-pp310-pypy310_pp73-win_amd64.whl", hash = "sha256:cad21560da69f4ce7658ca2cb83138fb4cf695a2ba3e475e0559e05991aa8122", size = 176884, upload-time = "2025-03-05T20:03:27.934Z" },
    { url = "https://files.pythonhosted.org/packages/fa/a8/5b41e0da817d64113292ab1f8247140aac61cbf6cfd085d6a0fa77f4984f/websockets-15.0.1-py3-none-any.whl", hash = "sha256:f7a866fbc1e97b5c617ee4116daaa09b722101d4a3c170c787450ba409f9736f", size = 169743, upload-time = "2025-03-05T20:03:39.41Z" },
]
